
Microsoft Visual Studio Solution File, Format Version 12.00
# Visual Studio Version 16
VisualStudioVersion = 16.0.32002.261
MinimumVisualStudioVersion = 10.0.40219.1
Project("{8BC9CEB8-8B4A-11D0-8D11-00A0C91BC942}") = "NGLink", "NGLink\NGLink.vcxproj", "{D3F7F824-1FFE-4D3B-B605-E7684A0676DD}"
EndProject
Project("{FAE04EC0-301F-11D3-BF4B-00C04F79EFBC}") = "LCS Konsole", "LCS Konsole\LCS Konsole.csproj", "{5FE5B693-EC11-453E-BAF5-65B0E9D2948C}"
	ProjectSection(ProjectDependencies) = postProject
		{D3F7F824-1FFE-4D3B-B605-E7684A0676DD} = {D3F7F824-1FFE-4D3B-B605-E7684A0676DD}
	EndProjectSection
EndProject
Global
	GlobalSection(SolutionConfigurationPlatforms) = preSolution
		Debug|Any CPU = Debug|Any CPU
		Debug|x64 = Debug|x64
		Debug|x86 = Debug|x86
		Release|Any CPU = Release|Any CPU
		Release|x64 = Release|x64
		Release|x86 = Release|x86
	EndGlobalSection
	GlobalSection(ProjectConfigurationPlatforms) = postSolution
		{D3F7F824-1FFE-4D3B-B605-E7684A0676DD}.Debug|Any CPU.ActiveCfg = Debug|Win32
		{D3F7F824-1FFE-4D3B-B605-E7684A0676DD}.Debug|Any CPU.Build.0 = Debug|Win32
		{D3F7F824-1FFE-4D3B-B605-E7684A0676DD}.Debug|x64.ActiveCfg = Debug|x64
		{D3F7F824-1FFE-4D3B-B605-E7684A0676DD}.Debug|x64.Build.0 = Debug|x64
		{D3F7F824-1FFE-4D3B-B605-E7684A0676DD}.Debug|x86.ActiveCfg = Debug|Win32
		{D3F7F824-1FFE-4D3B-B605-E7684A0676DD}.Debug|x86.Build.0 = Debug|Win32
		{D3F7F824-1FFE-4D3B-B605-E7684A0676DD}.Release|Any CPU.ActiveCfg = Release|Win32
		{D3F7F824-1FFE-4D3B-B605-E7684A0676DD}.Release|x64.ActiveCfg = Release|x64
		{D3F7F824-1FFE-4D3B-B605-E7684A0676DD}.Release|x64.Build.0 = Release|x64
		{D3F7F824-1FFE-4D3B-B605-E7684A0676DD}.Release|x86.ActiveCfg = Release|x64
		{D3F7F824-1FFE-4D3B-B605-E7684A0676DD}.Release|x86.Build.0 = Release|x64
		{5FE5B693-EC11-453E-BAF5-65B0E9D2948C}.Debug|Any CPU.ActiveCfg = Debug|Any CPU
		{5FE5B693-EC11-453E-BAF5-65B0E9D2948C}.Debug|Any CPU.Build.0 = Debug|Any CPU
		{5FE5B693-EC11-453E-BAF5-65B0E9D2948C}.Debug|x64.ActiveCfg = Debug|Any CPU
		{5FE5B693-EC11-453E-BAF5-65B0E9D2948C}.Debug|x64.Build.0 = Debug|Any CPU
		{5FE5B693-EC11-453E-BAF5-65B0E9D2948C}.Debug|x86.ActiveCfg = Debug|Any CPU
		{5FE5B693-EC11-453E-BAF5-65B0E9D2948C}.Debug|x86.Build.0 = Debug|Any CPU
		{5FE5B693-EC11-453E-BAF5-65B0E9D2948C}.Release|Any CPU.ActiveCfg = Release|Any CPU
		{5FE5B693-EC11-453E-BAF5-65B0E9D2948C}.Release|Any CPU.Build.0 = Release|Any CPU
		{5FE5B693-EC11-453E-BAF5-65B0E9D2948C}.Release|x64.ActiveCfg = Release|Any CPU
		{5FE5B693-EC11-453E-BAF5-65B0E9D2948C}.Release|x64.Build.0 = Release|Any CPU
		{5FE5B693-EC11-453E-BAF5-65B0E9D2948C}.Release|x86.ActiveCfg = Release|Any CPU
		{5FE5B693-EC11-453E-BAF5-65B0E9D2948C}.Release|x86.Build.0 = Release|Any CPU
	EndGlobalSection
	GlobalSection(SolutionProperties) = preSolution
		HideSolutionNode = FALSE
	EndGlobalSection
	GlobalSection(ExtensibilityGlobals) = postSolution
		SolutionGuid = {6A22BD78-4F03-4B6D-BDE9-080E76908566}
	EndGlobalSection
EndGlobal
